// !$*UTF8*$!
{
	archiveVersion = 1;
	classes = {
	};
	objectVersion = 55;
	objects = {

/* Begin PBXBuildFile section */
		2ED9921027FA1A4B0007D937 /* MovieCell.swift in Sources */ = {isa = PBXBuildFile; fileRef = 2ED9920F27FA1A4B0007D937 /* MovieCell.swift */; };
		2ED9921227FA1EEB0007D937 /* MovieCellViewModel.swift in Sources */ = {isa = PBXBuildFile; fileRef = 2ED9921127FA1EEB0007D937 /* MovieCellViewModel.swift */; };
		2ED9921427FA1F3A0007D937 /* MovieCellModel.swift in Sources */ = {isa = PBXBuildFile; fileRef = 2ED9921327FA1F3A0007D937 /* MovieCellModel.swift */; };
		2ED9921827FA46BD0007D937 /* MovieDetailViewController.swift in Sources */ = {isa = PBXBuildFile; fileRef = 2ED9921727FA46BD0007D937 /* MovieDetailViewController.swift */; };
		2ED9921A27FA47770007D937 /* MovieDetailViewModel.swift in Sources */ = {isa = PBXBuildFile; fileRef = 2ED9921927FA47770007D937 /* MovieDetailViewModel.swift */; };
		2ED9921C27FA5EE20007D937 /* ViewOverlay.swift in Sources */ = {isa = PBXBuildFile; fileRef = 2ED9921B27FA5EE20007D937 /* ViewOverlay.swift */; };
		2EFFF5B327F8E4050099E11D /* AppDelegate.swift in Sources */ = {isa = PBXBuildFile; fileRef = 2EFFF5B227F8E4050099E11D /* AppDelegate.swift */; };
		2EFFF5B527F8E4050099E11D /* SceneDelegate.swift in Sources */ = {isa = PBXBuildFile; fileRef = 2EFFF5B427F8E4050099E11D /* SceneDelegate.swift */; };
		2EFFF5BC27F8E4070099E11D /* Assets.xcassets in Resources */ = {isa = PBXBuildFile; fileRef = 2EFFF5BB27F8E4070099E11D /* Assets.xcassets */; };
		2EFFF5BF27F8E4070099E11D /* LaunchScreen.storyboard in Resources */ = {isa = PBXBuildFile; fileRef = 2EFFF5BD27F8E4070099E11D /* LaunchScreen.storyboard */; };
		2EFFF5CA27F8E4070099E11D /* Projeto_IFoodTests.swift in Sources */ = {isa = PBXBuildFile; fileRef = 2EFFF5C927F8E4070099E11D /* Projeto_IFoodTests.swift */; };
		2EFFF5D427F8E4070099E11D /* Projeto_IFoodUITests.swift in Sources */ = {isa = PBXBuildFile; fileRef = 2EFFF5D327F8E4070099E11D /* Projeto_IFoodUITests.swift */; };
		2EFFF5D627F8E4070099E11D /* Projeto_IFoodUITestsLaunchTests.swift in Sources */ = {isa = PBXBuildFile; fileRef = 2EFFF5D527F8E4070099E11D /* Projeto_IFoodUITestsLaunchTests.swift */; };
		2EFFF5E527F8E6580099E11D /* ListMovieViewController.swift in Sources */ = {isa = PBXBuildFile; fileRef = 2EFFF5E427F8E6580099E11D /* ListMovieViewController.swift */; };
		2EFFF5E727F8E6650099E11D /* ListMovieViewModel.swift in Sources */ = {isa = PBXBuildFile; fileRef = 2EFFF5E627F8E6650099E11D /* ListMovieViewModel.swift */; };
		2EFFF5E927F8EF060099E11D /* ListMovieModel.swift in Sources */ = {isa = PBXBuildFile; fileRef = 2EFFF5E827F8EF060099E11D /* ListMovieModel.swift */; };
		2EFFF5EC27F8F0230099E11D /* ApiService.swift in Sources */ = {isa = PBXBuildFile; fileRef = 2EFFF5EB27F8F0230099E11D /* ApiService.swift */; };
		2EFFF5EE27F8F07A0099E11D /* ApiServiceError.swift in Sources */ = {isa = PBXBuildFile; fileRef = 2EFFF5ED27F8F07A0099E11D /* ApiServiceError.swift */; };
		2EFFF5F127F8F1500099E11D /* DismissKeyboard.swift in Sources */ = {isa = PBXBuildFile; fileRef = 2EFFF5F027F8F1500099E11D /* DismissKeyboard.swift */; };
/* End PBXBuildFile section */

/* Begin PBXContainerItemProxy section */
		2EFFF5C627F8E4070099E11D /* PBXContainerItemProxy */ = {
			isa = PBXContainerItemProxy;
			containerPortal = 2EFFF5A727F8E4050099E11D /* Project object */;
			proxyType = 1;
			remoteGlobalIDString = 2EFFF5AE27F8E4050099E11D;
			remoteInfo = Projeto_IFood;
		};
		2EFFF5D027F8E4070099E11D /* PBXContainerItemProxy */ = {
			isa = PBXContainerItemProxy;
			containerPortal = 2EFFF5A727F8E4050099E11D /* Project object */;
			proxyType = 1;
			remoteGlobalIDString = 2EFFF5AE27F8E4050099E11D;
			remoteInfo = Projeto_IFood;
		};
/* End PBXContainerItemProxy section */

/* Begin PBXFileReference section */
		2ED9920F27FA1A4B0007D937 /* MovieCell.swift */ = {isa = PBXFileReference; lastKnownFileType = sourcecode.swift; path = MovieCell.swift; sourceTree = "<group>"; };
		2ED9921127FA1EEB0007D937 /* MovieCellViewModel.swift */ = {isa = PBXFileReference; lastKnownFileType = sourcecode.swift; path = MovieCellViewModel.swift; sourceTree = "<group>"; };
		2ED9921327FA1F3A0007D937 /* MovieCellModel.swift */ = {isa = PBXFileReference; lastKnownFileType = sourcecode.swift; path = MovieCellModel.swift; sourceTree = "<group>"; };
		2ED9921727FA46BD0007D937 /* MovieDetailViewController.swift */ = {isa = PBXFileReference; lastKnownFileType = sourcecode.swift; path = MovieDetailViewController.swift; sourceTree = "<group>"; };
		2ED9921927FA47770007D937 /* MovieDetailViewModel.swift */ = {isa = PBXFileReference; lastKnownFileType = sourcecode.swift; path = MovieDetailViewModel.swift; sourceTree = "<group>"; };
		2ED9921B27FA5EE20007D937 /* ViewOverlay.swift */ = {isa = PBXFileReference; lastKnownFileType = sourcecode.swift; path = ViewOverlay.swift; sourceTree = "<group>"; };
		2EFFF5AF27F8E4050099E11D /* Projeto_IFood.app */ = {isa = PBXFileReference; explicitFileType = wrapper.application; includeInIndex = 0; path = Projeto_IFood.app; sourceTree = BUILT_PRODUCTS_DIR; };
		2EFFF5B227F8E4050099E11D /* AppDelegate.swift */ = {isa = PBXFileReference; lastKnownFileType = sourcecode.swift; path = AppDelegate.swift; sourceTree = "<group>"; };
		2EFFF5B427F8E4050099E11D /* SceneDelegate.swift */ = {isa = PBXFileReference; lastKnownFileType = sourcecode.swift; path = SceneDelegate.swift; sourceTree = "<group>"; };
		2EFFF5BB27F8E4070099E11D /* Assets.xcassets */ = {isa = PBXFileReference; lastKnownFileType = folder.assetcatalog; path = Assets.xcassets; sourceTree = "<group>"; };
		2EFFF5BE27F8E4070099E11D /* Base */ = {isa = PBXFileReference; lastKnownFileType = file.storyboard; name = Base; path = Base.lproj/LaunchScreen.storyboard; sourceTree = "<group>"; };
		2EFFF5C027F8E4070099E11D /* Info.plist */ = {isa = PBXFileReference; lastKnownFileType = text.plist.xml; path = Info.plist; sourceTree = "<group>"; };
		2EFFF5C527F8E4070099E11D /* Projeto_IFoodTests.xctest */ = {isa = PBXFileReference; explicitFileType = wrapper.cfbundle; includeInIndex = 0; path = Projeto_IFoodTests.xctest; sourceTree = BUILT_PRODUCTS_DIR; };
		2EFFF5C927F8E4070099E11D /* Projeto_IFoodTests.swift */ = {isa = PBXFileReference; lastKnownFileType = sourcecode.swift; path = Projeto_IFoodTests.swift; sourceTree = "<group>"; };
		2EFFF5CF27F8E4070099E11D /* Projeto_IFoodUITests.xctest */ = {isa = PBXFileReference; explicitFileType = wrapper.cfbundle; includeInIndex = 0; path = Projeto_IFoodUITests.xctest; sourceTree = BUILT_PRODUCTS_DIR; };
		2EFFF5D327F8E4070099E11D /* Projeto_IFoodUITests.swift */ = {isa = PBXFileReference; lastKnownFileType = sourcecode.swift; path = Projeto_IFoodUITests.swift; sourceTree = "<group>"; };
		2EFFF5D527F8E4070099E11D /* Projeto_IFoodUITestsLaunchTests.swift */ = {isa = PBXFileReference; lastKnownFileType = sourcecode.swift; path = Projeto_IFoodUITestsLaunchTests.swift; sourceTree = "<group>"; };
		2EFFF5E427F8E6580099E11D /* ListMovieViewController.swift */ = {isa = PBXFileReference; lastKnownFileType = sourcecode.swift; path = ListMovieViewController.swift; sourceTree = "<group>"; };
		2EFFF5E627F8E6650099E11D /* ListMovieViewModel.swift */ = {isa = PBXFileReference; lastKnownFileType = sourcecode.swift; path = ListMovieViewModel.swift; sourceTree = "<group>"; };
		2EFFF5E827F8EF060099E11D /* ListMovieModel.swift */ = {isa = PBXFileReference; lastKnownFileType = sourcecode.swift; path = ListMovieModel.swift; sourceTree = "<group>"; };
		2EFFF5EB27F8F0230099E11D /* ApiService.swift */ = {isa = PBXFileReference; lastKnownFileType = sourcecode.swift; path = ApiService.swift; sourceTree = "<group>"; };
		2EFFF5ED27F8F07A0099E11D /* ApiServiceError.swift */ = {isa = PBXFileReference; lastKnownFileType = sourcecode.swift; path = ApiServiceError.swift; sourceTree = "<group>"; };
		2EFFF5F027F8F1500099E11D /* DismissKeyboard.swift */ = {isa = PBXFileReference; lastKnownFileType = sourcecode.swift; path = DismissKeyboard.swift; sourceTree = "<group>"; };
/* End PBXFileReference section */

/* Begin PBXFrameworksBuildPhase section */
		2EFFF5AC27F8E4050099E11D /* Frameworks */ = {
			isa = PBXFrameworksBuildPhase;
			buildActionMask = 2147483647;
			files = (
			);
			runOnlyForDeploymentPostprocessing = 0;
		};
		2EFFF5C227F8E4070099E11D /* Frameworks */ = {
			isa = PBXFrameworksBuildPhase;
			buildActionMask = 2147483647;
			files = (
			);
			runOnlyForDeploymentPostprocessing = 0;
		};
		2EFFF5CC27F8E4070099E11D /* Frameworks */ = {
			isa = PBXFrameworksBuildPhase;
			buildActionMask = 2147483647;
			files = (
			);
			runOnlyForDeploymentPostprocessing = 0;
		};
/* End PBXFrameworksBuildPhase section */

/* Begin PBXGroup section */
		2ED9920E27FA1A1B0007D937 /* MovieCell */ = {
			isa = PBXGroup;
			children = (
				2ED9920F27FA1A4B0007D937 /* MovieCell.swift */,
				2ED9921127FA1EEB0007D937 /* MovieCellViewModel.swift */,
				2ED9921327FA1F3A0007D937 /* MovieCellModel.swift */,
			);
			path = MovieCell;
			sourceTree = "<group>";
		};
		2ED9921627FA467F0007D937 /* MovieDetail */ = {
			isa = PBXGroup;
			children = (
				2ED9921727FA46BD0007D937 /* MovieDetailViewController.swift */,
				2ED9921927FA47770007D937 /* MovieDetailViewModel.swift */,
			);
			path = MovieDetail;
			sourceTree = "<group>";
		};
		2EFFF5A627F8E4050099E11D = {
			isa = PBXGroup;
			children = (
				2EFFF5B127F8E4050099E11D /* Projeto_IFood */,
				2EFFF5C827F8E4070099E11D /* Projeto_IFoodTests */,
				2EFFF5D227F8E4070099E11D /* Projeto_IFoodUITests */,
				2EFFF5B027F8E4050099E11D /* Products */,
			);
			sourceTree = "<group>";
		};
		2EFFF5B027F8E4050099E11D /* Products */ = {
			isa = PBXGroup;
			children = (
				2EFFF5AF27F8E4050099E11D /* Projeto_IFood.app */,
				2EFFF5C527F8E4070099E11D /* Projeto_IFoodTests.xctest */,
				2EFFF5CF27F8E4070099E11D /* Projeto_IFoodUITests.xctest */,
			);
			name = Products;
			sourceTree = "<group>";
		};
		2EFFF5B127F8E4050099E11D /* Projeto_IFood */ = {
			isa = PBXGroup;
			children = (
				2EFFF5EF27F8F1120099E11D /* Extensions */,
				2EFFF5EA27F8F0160099E11D /* Services */,
				2EFFF5E227F8E4E20099E11D /* Modules */,
				2EFFF5B227F8E4050099E11D /* AppDelegate.swift */,
				2EFFF5B427F8E4050099E11D /* SceneDelegate.swift */,
				2EFFF5BB27F8E4070099E11D /* Assets.xcassets */,
				2EFFF5BD27F8E4070099E11D /* LaunchScreen.storyboard */,
				2EFFF5C027F8E4070099E11D /* Info.plist */,
			);
			path = Projeto_IFood;
			sourceTree = "<group>";
		};
		2EFFF5C827F8E4070099E11D /* Projeto_IFoodTests */ = {
			isa = PBXGroup;
			children = (
				2EFFF5C927F8E4070099E11D /* Projeto_IFoodTests.swift */,
			);
			path = Projeto_IFoodTests;
			sourceTree = "<group>";
		};
		2EFFF5D227F8E4070099E11D /* Projeto_IFoodUITests */ = {
			isa = PBXGroup;
			children = (
				2EFFF5D327F8E4070099E11D /* Projeto_IFoodUITests.swift */,
				2EFFF5D527F8E4070099E11D /* Projeto_IFoodUITestsLaunchTests.swift */,
			);
			path = Projeto_IFoodUITests;
			sourceTree = "<group>";
		};
		2EFFF5E227F8E4E20099E11D /* Modules */ = {
			isa = PBXGroup;
			children = (
				2ED9921627FA467F0007D937 /* MovieDetail */,
				2EFFF5E327F8E6350099E11D /* ListMovie */,
			);
			path = Modules;
			sourceTree = "<group>";
		};
		2EFFF5E327F8E6350099E11D /* ListMovie */ = {
			isa = PBXGroup;
			children = (
				2ED9920E27FA1A1B0007D937 /* MovieCell */,
				2EFFF5E427F8E6580099E11D /* ListMovieViewController.swift */,
				2EFFF5E627F8E6650099E11D /* ListMovieViewModel.swift */,
				2EFFF5E827F8EF060099E11D /* ListMovieModel.swift */,
			);
			path = ListMovie;
			sourceTree = "<group>";
		};
		2EFFF5EA27F8F0160099E11D /* Services */ = {
			isa = PBXGroup;
			children = (
				2EFFF5EB27F8F0230099E11D /* ApiService.swift */,
				2EFFF5ED27F8F07A0099E11D /* ApiServiceError.swift */,
			);
			path = Services;
			sourceTree = "<group>";
		};
		2EFFF5EF27F8F1120099E11D /* Extensions */ = {
			isa = PBXGroup;
			children = (
				2EFFF5F027F8F1500099E11D /* DismissKeyboard.swift */,
				2ED9921B27FA5EE20007D937 /* ViewOverlay.swift */,
			);
			path = Extensions;
			sourceTree = "<group>";
		};
/* End PBXGroup section */

/* Begin PBXNativeTarget section */
		2EFFF5AE27F8E4050099E11D /* Projeto_IFood */ = {
			isa = PBXNativeTarget;
			buildConfigurationList = 2EFFF5D927F8E4070099E11D /* Build configuration list for PBXNativeTarget "Projeto_IFood" */;
			buildPhases = (
				2EFFF5AB27F8E4050099E11D /* Sources */,
				2EFFF5AC27F8E4050099E11D /* Frameworks */,
				2EFFF5AD27F8E4050099E11D /* Resources */,
			);
			buildRules = (
			);
			dependencies = (
			);
			name = Projeto_IFood;
			productName = Projeto_IFood;
			productReference = 2EFFF5AF27F8E4050099E11D /* Projeto_IFood.app */;
			productType = "com.apple.product-type.application";
		};
		2EFFF5C427F8E4070099E11D /* Projeto_IFoodTests */ = {
			isa = PBXNativeTarget;
			buildConfigurationList = 2EFFF5DC27F8E4070099E11D /* Build configuration list for PBXNativeTarget "Projeto_IFoodTests" */;
			buildPhases = (
				2EFFF5C127F8E4070099E11D /* Sources */,
				2EFFF5C227F8E4070099E11D /* Frameworks */,
				2EFFF5C327F8E4070099E11D /* Resources */,
			);
			buildRules = (
			);
			dependencies = (
				2EFFF5C727F8E4070099E11D /* PBXTargetDependency */,
			);
			name = Projeto_IFoodTests;
			productName = Projeto_IFoodTests;
			productReference = 2EFFF5C527F8E4070099E11D /* Projeto_IFoodTests.xctest */;
			productType = "com.apple.product-type.bundle.unit-test";
		};
		2EFFF5CE27F8E4070099E11D /* Projeto_IFoodUITests */ = {
			isa = PBXNativeTarget;
			buildConfigurationList = 2EFFF5DF27F8E4070099E11D /* Build configuration list for PBXNativeTarget "Projeto_IFoodUITests" */;
			buildPhases = (
				2EFFF5CB27F8E4070099E11D /* Sources */,
				2EFFF5CC27F8E4070099E11D /* Frameworks */,
				2EFFF5CD27F8E4070099E11D /* Resources */,
			);
			buildRules = (
			);
			dependencies = (
				2EFFF5D127F8E4070099E11D /* PBXTargetDependency */,
			);
			name = Projeto_IFoodUITests;
			productName = Projeto_IFoodUITests;
			productReference = 2EFFF5CF27F8E4070099E11D /* Projeto_IFoodUITests.xctest */;
			productType = "com.apple.product-type.bundle.ui-testing";
		};
/* End PBXNativeTarget section */

/* Begin PBXProject section */
		2EFFF5A727F8E4050099E11D /* Project object */ = {
			isa = PBXProject;
			attributes = {
				BuildIndependentTargetsInParallel = 1;
				LastSwiftUpdateCheck = 1330;
				LastUpgradeCheck = 1330;
				TargetAttributes = {
					2EFFF5AE27F8E4050099E11D = {
						CreatedOnToolsVersion = 13.3;
					};
					2EFFF5C427F8E4070099E11D = {
						CreatedOnToolsVersion = 13.3;
						TestTargetID = 2EFFF5AE27F8E4050099E11D;
					};
					2EFFF5CE27F8E4070099E11D = {
						CreatedOnToolsVersion = 13.3;
						TestTargetID = 2EFFF5AE27F8E4050099E11D;
					};
				};
			};
			buildConfigurationList = 2EFFF5AA27F8E4050099E11D /* Build configuration list for PBXProject "Projeto_IFood" */;
			compatibilityVersion = "Xcode 13.0";
			developmentRegion = en;
			hasScannedForEncodings = 0;
			knownRegions = (
				en,
				Base,
			);
			mainGroup = 2EFFF5A627F8E4050099E11D;
			productRefGroup = 2EFFF5B027F8E4050099E11D /* Products */;
			projectDirPath = "";
			projectRoot = "";
			targets = (
				2EFFF5AE27F8E4050099E11D /* Projeto_IFood */,
				2EFFF5C427F8E4070099E11D /* Projeto_IFoodTests */,
				2EFFF5CE27F8E4070099E11D /* Projeto_IFoodUITests */,
			);
		};
/* End PBXProject section */

/* Begin PBXResourcesBuildPhase section */
		2EFFF5AD27F8E4050099E11D /* Resources */ = {
			isa = PBXResourcesBuildPhase;
			buildActionMask = 2147483647;
			files = (
				2EFFF5BF27F8E4070099E11D /* LaunchScreen.storyboard in Resources */,
				2EFFF5BC27F8E4070099E11D /* Assets.xcassets in Resources */,
			);
			runOnlyForDeploymentPostprocessing = 0;
		};
		2EFFF5C327F8E4070099E11D /* Resources */ = {
			isa = PBXResourcesBuildPhase;
			buildActionMask = 2147483647;
			files = (
			);
			runOnlyForDeploymentPostprocessing = 0;
		};
		2EFFF5CD27F8E4070099E11D /* Resources */ = {
			isa = PBXResourcesBuildPhase;
			buildActionMask = 2147483647;
			files = (
			);
			runOnlyForDeploymentPostprocessing = 0;
		};
/* End PBXResourcesBuildPhase section */

/* Begin PBXSourcesBuildPhase section */
		2EFFF5AB27F8E4050099E11D /* Sources */ = {
			isa = PBXSourcesBuildPhase;
			buildActionMask = 2147483647;
			files = (
				2EFFF5E527F8E6580099E11D /* ListMovieViewController.swift in Sources */,
				2EFFF5B327F8E4050099E11D /* AppDelegate.swift in Sources */,
				2ED9921027FA1A4B0007D937 /* MovieCell.swift in Sources */,
				2ED9921227FA1EEB0007D937 /* MovieCellViewModel.swift in Sources */,
				2ED9921827FA46BD0007D937 /* MovieDetailViewController.swift in Sources */,
				2ED9921A27FA47770007D937 /* MovieDetailViewModel.swift in Sources */,
				2EFFF5EE27F8F07A0099E11D /* ApiServiceError.swift in Sources */,
				2EFFF5EC27F8F0230099E11D /* ApiService.swift in Sources */,
				2EFFF5E727F8E6650099E11D /* ListMovieViewModel.swift in Sources */,
				2EFFF5F127F8F1500099E11D /* DismissKeyboard.swift in Sources */,
				2ED9921427FA1F3A0007D937 /* MovieCellModel.swift in Sources */,
				2ED9921C27FA5EE20007D937 /* ViewOverlay.swift in Sources */,
				2EFFF5B527F8E4050099E11D /* SceneDelegate.swift in Sources */,
				2EFFF5E927F8EF060099E11D /* ListMovieModel.swift in Sources */,
			);
			runOnlyForDeploymentPostprocessing = 0;
		};
		2EFFF5C127F8E4070099E11D /* Sources */ = {
			isa = PBXSourcesBuildPhase;
			buildActionMask = 2147483647;
			files = (
				2EFFF5CA27F8E4070099E11D /* Projeto_IFoodTests.swift in Sources */,
			);
			runOnlyForDeploymentPostprocessing = 0;
		};
		2EFFF5CB27F8E4070099E11D /* Sources */ = {
			isa = PBXSourcesBuildPhase;
			buildActionMask = 2147483647;
			files = (
				2EFFF5D627F8E4070099E11D /* Projeto_IFoodUITestsLaunchTests.swift in Sources */,
				2EFFF5D427F8E4070099E11D /* Projeto_IFoodUITests.swift in Sources */,
			);
			runOnlyForDeploymentPostprocessing = 0;
		};
/* End PBXSourcesBuildPhase section */

/* Begin PBXTargetDependency section */
		2EFFF5C727F8E4070099E11D /* PBXTargetDependency */ = {
			isa = PBXTargetDependency;
			target = 2EFFF5AE27F8E4050099E11D /* Projeto_IFood */;
			targetProxy = 2EFFF5C627F8E4070099E11D /* PBXContainerItemProxy */;
		};
		2EFFF5D127F8E4070099E11D /* PBXTargetDependency */ = {
			isa = PBXTargetDependency;
			target = 2EFFF5AE27F8E4050099E11D /* Projeto_IFood */;
			targetProxy = 2EFFF5D027F8E4070099E11D /* PBXContainerItemProxy */;
		};
/* End PBXTargetDependency section */

/* Begin PBXVariantGroup section */
		2EFFF5BD27F8E4070099E11D /* LaunchScreen.storyboard */ = {
			isa = PBXVariantGroup;
			children = (
				2EFFF5BE27F8E4070099E11D /* Base */,
			);
			name = LaunchScreen.storyboard;
			sourceTree = "<group>";
		};
/* End PBXVariantGroup section */

/* Begin XCBuildConfiguration section */
		2EFFF5D727F8E4070099E11D /* Debug */ = {
			isa = XCBuildConfiguration;
			buildSettings = {
				ALWAYS_SEARCH_USER_PATHS = NO;
				CLANG_ANALYZER_NONNULL = YES;
				CLANG_ANALYZER_NUMBER_OBJECT_CONVERSION = YES_AGGRESSIVE;
				CLANG_CXX_LANGUAGE_STANDARD = "gnu++17";
				CLANG_ENABLE_MODULES = YES;
				CLANG_ENABLE_OBJC_ARC = YES;
				CLANG_ENABLE_OBJC_WEAK = YES;
				CLANG_WARN_BLOCK_CAPTURE_AUTORELEASING = YES;
				CLANG_WARN_BOOL_CONVERSION = YES;
				CLANG_WARN_COMMA = YES;
				CLANG_WARN_CONSTANT_CONVERSION = YES;
				CLANG_WARN_DEPRECATED_OBJC_IMPLEMENTATIONS = YES;
				CLANG_WARN_DIRECT_OBJC_ISA_USAGE = YES_ERROR;
				CLANG_WARN_DOCUMENTATION_COMMENTS = YES;
				CLANG_WARN_EMPTY_BODY = YES;
				CLANG_WARN_ENUM_CONVERSION = YES;
				CLANG_WARN_INFINITE_RECURSION = YES;
				CLANG_WARN_INT_CONVERSION = YES;
				CLANG_WARN_NON_LITERAL_NULL_CONVERSION = YES;
				CLANG_WARN_OBJC_IMPLICIT_RETAIN_SELF = YES;
				CLANG_WARN_OBJC_LITERAL_CONVERSION = YES;
				CLANG_WARN_OBJC_ROOT_CLASS = YES_ERROR;
				CLANG_WARN_QUOTED_INCLUDE_IN_FRAMEWORK_HEADER = YES;
				CLANG_WARN_RANGE_LOOP_ANALYSIS = YES;
				CLANG_WARN_STRICT_PROTOTYPES = YES;
				CLANG_WARN_SUSPICIOUS_MOVE = YES;
				CLANG_WARN_UNGUARDED_AVAILABILITY = YES_AGGRESSIVE;
				CLANG_WARN_UNREACHABLE_CODE = YES;
				CLANG_WARN__DUPLICATE_METHOD_MATCH = YES;
				COPY_PHASE_STRIP = NO;
				DEBUG_INFORMATION_FORMAT = dwarf;
				ENABLE_STRICT_OBJC_MSGSEND = YES;
				ENABLE_TESTABILITY = YES;
				GCC_C_LANGUAGE_STANDARD = gnu11;
				GCC_DYNAMIC_NO_PIC = NO;
				GCC_NO_COMMON_BLOCKS = YES;
				GCC_OPTIMIZATION_LEVEL = 0;
				GCC_PREPROCESSOR_DEFINITIONS = (
					"DEBUG=1",
					"$(inherited)",
				);
				GCC_WARN_64_TO_32_BIT_CONVERSION = YES;
				GCC_WARN_ABOUT_RETURN_TYPE = YES_ERROR;
				GCC_WARN_UNDECLARED_SELECTOR = YES;
				GCC_WARN_UNINITIALIZED_AUTOS = YES_AGGRESSIVE;
				GCC_WARN_UNUSED_FUNCTION = YES;
				GCC_WARN_UNUSED_VARIABLE = YES;
				IPHONEOS_DEPLOYMENT_TARGET = 15.4;
				MTL_ENABLE_DEBUG_INFO = INCLUDE_SOURCE;
				MTL_FAST_MATH = YES;
				ONLY_ACTIVE_ARCH = YES;
				SDKROOT = iphoneos;
				SWIFT_ACTIVE_COMPILATION_CONDITIONS = DEBUG;
				SWIFT_OPTIMIZATION_LEVEL = "-Onone";
			};
			name = Debug;
		};
		2EFFF5D827F8E4070099E11D /* Release */ = {
			isa = XCBuildConfiguration;
			buildSettings = {
				ALWAYS_SEARCH_USER_PATHS = NO;
				CLANG_ANALYZER_NONNULL = YES;
				CLANG_ANALYZER_NUMBER_OBJECT_CONVERSION = YES_AGGRESSIVE;
				CLANG_CXX_LANGUAGE_STANDARD = "gnu++17";
				CLANG_ENABLE_MODULES = YES;
				CLANG_ENABLE_OBJC_ARC = YES;
				CLANG_ENABLE_OBJC_WEAK = YES;
				CLANG_WARN_BLOCK_CAPTURE_AUTORELEASING = YES;
				CLANG_WARN_BOOL_CONVERSION = YES;
				CLANG_WARN_COMMA = YES;
				CLANG_WARN_CONSTANT_CONVERSION = YES;
				CLANG_WARN_DEPRECATED_OBJC_IMPLEMENTATIONS = YES;
				CLANG_WARN_DIRECT_OBJC_ISA_USAGE = YES_ERROR;
				CLANG_WARN_DOCUMENTATION_COMMENTS = YES;
				CLANG_WARN_EMPTY_BODY = YES;
				CLANG_WARN_ENUM_CONVERSION = YES;
				CLANG_WARN_INFINITE_RECURSION = YES;
				CLANG_WARN_INT_CONVERSION = YES;
				CLANG_WARN_NON_LITERAL_NULL_CONVERSION = YES;
				CLANG_WARN_OBJC_IMPLICIT_RETAIN_SELF = YES;
				CLANG_WARN_OBJC_LITERAL_CONVERSION = YES;
				CLANG_WARN_OBJC_ROOT_CLASS = YES_ERROR;
				CLANG_WARN_QUOTED_INCLUDE_IN_FRAMEWORK_HEADER = YES;
				CLANG_WARN_RANGE_LOOP_ANALYSIS = YES;
				CLANG_WARN_STRICT_PROTOTYPES = YES;
				CLANG_WARN_SUSPICIOUS_MOVE = YES;
				CLANG_WARN_UNGUARDED_AVAILABILITY = YES_AGGRESSIVE;
				CLANG_WARN_UNREACHABLE_CODE = YES;
				CLANG_WARN__DUPLICATE_METHOD_MATCH = YES;
				COPY_PHASE_STRIP = NO;
				DEBUG_INFORMATION_FORMAT = "dwarf-with-dsym";
				ENABLE_NS_ASSERTIONS = NO;
				ENABLE_STRICT_OBJC_MSGSEND = YES;
				GCC_C_LANGUAGE_STANDARD = gnu11;
				GCC_NO_COMMON_BLOCKS = YES;
				GCC_WARN_64_TO_32_BIT_CONVERSION = YES;
				GCC_WARN_ABOUT_RETURN_TYPE = YES_ERROR;
				GCC_WARN_UNDECLARED_SELECTOR = YES;
				GCC_WARN_UNINITIALIZED_AUTOS = YES_AGGRESSIVE;
				GCC_WARN_UNUSED_FUNCTION = YES;
				GCC_WARN_UNUSED_VARIABLE = YES;
				IPHONEOS_DEPLOYMENT_TARGET = 15.4;
				MTL_ENABLE_DEBUG_INFO = NO;
				MTL_FAST_MATH = YES;
				SDKROOT = iphoneos;
				SWIFT_COMPILATION_MODE = wholemodule;
				SWIFT_OPTIMIZATION_LEVEL = "-O";
				VALIDATE_PRODUCT = YES;
			};
			name = Release;
		};
		2EFFF5DA27F8E4070099E11D /* Debug */ = {
			isa = XCBuildConfiguration;
			buildSettings = {
				ASSETCATALOG_COMPILER_APPICON_NAME = AppIcon;
				ASSETCATALOG_COMPILER_GLOBAL_ACCENT_COLOR_NAME = AccentColor;
				CODE_SIGN_STYLE = Automatic;
				CURRENT_PROJECT_VERSION = 1;
				DEVELOPMENT_TEAM = P3PDP2RPN7;
				GENERATE_INFOPLIST_FILE = YES;
				INFOPLIST_FILE = Projeto_IFood/Info.plist;
				INFOPLIST_KEY_UIApplicationSupportsIndirectInputEvents = YES;
				INFOPLIST_KEY_UILaunchStoryboardName = LaunchScreen;
				INFOPLIST_KEY_UISupportedInterfaceOrientations_iPad = "UIInterfaceOrientationPortrait UIInterfaceOrientationPortraitUpsideDown UIInterfaceOrientationLandscapeLeft UIInterfaceOrientationLandscapeRight";
				INFOPLIST_KEY_UISupportedInterfaceOrientations_iPhone = "UIInterfaceOrientationPortrait UIInterfaceOrientationLandscapeLeft UIInterfaceOrientationLandscapeRight";
				LD_RUNPATH_SEARCH_PATHS = (
					"$(inherited)",
					"@executable_path/Frameworks",
				);
				MARKETING_VERSION = 1.0;
				PRODUCT_BUNDLE_IDENTIFIER = "eduardoliveira.Projeto-IFood";
				PRODUCT_NAME = "$(TARGET_NAME)";
				SWIFT_EMIT_LOC_STRINGS = YES;
				SWIFT_VERSION = 5.0;
				TARGETED_DEVICE_FAMILY = "1,2";
			};
			name = Debug;
		};
		2EFFF5DB27F8E4070099E11D /* Release */ = {
			isa = XCBuildConfiguration;
			buildSettings = {
				ASSETCATALOG_COMPILER_APPICON_NAME = AppIcon;
				ASSETCATALOG_COMPILER_GLOBAL_ACCENT_COLOR_NAME = AccentColor;
				CODE_SIGN_STYLE = Automatic;
				CURRENT_PROJECT_VERSION = 1;
				DEVELOPMENT_TEAM = P3PDP2RPN7;
				GENERATE_INFOPLIST_FILE = YES;
				INFOPLIST_FILE = Projeto_IFood/Info.plist;
				INFOPLIST_KEY_UIApplicationSupportsIndirectInputEvents = YES;
				INFOPLIST_KEY_UILaunchStoryboardName = LaunchScreen;
				INFOPLIST_KEY_UISupportedInterfaceOrientations_iPad = "UIInterfaceOrientationPortrait UIInterfaceOrientationPortraitUpsideDown UIInterfaceOrientationLandscapeLeft UIInterfaceOrientationLandscapeRight";
				INFOPLIST_KEY_UISupportedInterfaceOrientations_iPhone = "UIInterfaceOrientationPortrait UIInterfaceOrientationLandscapeLeft UIInterfaceOrientationLandscapeRight";
				LD_RUNPATH_SEARCH_PATHS = (
					"$(inherited)",
					"@executable_path/Frameworks",
				);
				MARKETING_VERSION = 1.0;
				PRODUCT_BUNDLE_IDENTIFIER = "eduardoliveira.Projeto-IFood";
				PRODUCT_NAME = "$(TARGET_NAME)";
				SWIFT_EMIT_LOC_STRINGS = YES;
				SWIFT_VERSION = 5.0;
				TARGETED_DEVICE_FAMILY = "1,2";
			};
			name = Release;
		};
		2EFFF5DD27F8E4070099E11D /* Debug */ = {
			isa = XCBuildConfiguration;
			buildSettings = {
				ALWAYS_EMBED_SWIFT_STANDARD_LIBRARIES = YES;
				BUNDLE_LOADER = "$(TEST_HOST)";
				CODE_SIGN_STYLE = Automatic;
				CURRENT_PROJECT_VERSION = 1;
				DEVELOPMENT_TEAM = P3PDP2RPN7;
				GENERATE_INFOPLIST_FILE = YES;
				IPHONEOS_DEPLOYMENT_TARGET = 15.4;
				MARKETING_VERSION = 1.0;
				PRODUCT_BUNDLE_IDENTIFIER = "eduardoliveira.Projeto-IFoodTests";
				PRODUCT_NAME = "$(TARGET_NAME)";
				SWIFT_EMIT_LOC_STRINGS = NO;
				SWIFT_VERSION = 5.0;
				TARGETED_DEVICE_FAMILY = "1,2";
				TEST_HOST = "$(BUILT_PRODUCTS_DIR)/Projeto_IFood.app/Projeto_IFood";
			};
			name = Debug;
		};
		2EFFF5DE27F8E4070099E11D /* Release */ = {
			isa = XCBuildConfiguration;
			buildSettings = {
				ALWAYS_EMBED_SWIFT_STANDARD_LIBRARIES = YES;
				BUNDLE_LOADER = "$(TEST_HOST)";
				CODE_SIGN_STYLE = Automatic;
				CURRENT_PROJECT_VERSION = 1;
				DEVELOPMENT_TEAM = P3PDP2RPN7;
				GENERATE_INFOPLIST_FILE = YES;
				IPHONEOS_DEPLOYMENT_TARGET = 15.4;
				MARKETING_VERSION = 1.0;
				PRODUCT_BUNDLE_IDENTIFIER = "eduardoliveira.Projeto-IFoodTests";
				PRODUCT_NAME = "$(TARGET_NAME)";
				SWIFT_EMIT_LOC_STRINGS = NO;
				SWIFT_VERSION = 5.0;
				TARGETED_DEVICE_FAMILY = "1,2";
				TEST_HOST = "$(BUILT_PRODUCTS_DIR)/Projeto_IFood.app/Projeto_IFood";
			};
			name = Release;
		};
		2EFFF5E027F8E4070099E11D /* Debug */ = {
			isa = XCBuildConfiguration;
			buildSettings = {
				ALWAYS_EMBED_SWIFT_STANDARD_LIBRARIES = YES;
				CODE_SIGN_STYLE = Automatic;
				CURRENT_PROJECT_VERSION = 1;
				DEVELOPMENT_TEAM = P3PDP2RPN7;
				GENERATE_INFOPLIST_FILE = YES;
				MARKETING_VERSION = 1.0;
				PRODUCT_BUNDLE_IDENTIFIER = "eduardoliveira.Projeto-IFoodUITests";
				PRODUCT_NAME = "$(TARGET_NAME)";
				SWIFT_EMIT_LOC_STRINGS = NO;
				SWIFT_VERSION = 5.0;
				TARGETED_DEVICE_FAMILY = "1,2";
				TEST_TARGET_NAME = Projeto_IFood;
			};
			name = Debug;
		};
		2EFFF5E127F8E4070099E11D /* Release */ = {
			isa = XCBuildConfiguration;
			buildSettings = {
				ALWAYS_EMBED_SWIFT_STANDARD_LIBRARIES = YES;
				CODE_SIGN_STYLE = Automatic;
				CURRENT_PROJECT_VERSION = 1;
				DEVELOPMENT_TEAM = P3PDP2RPN7;
				GENERATE_INFOPLIST_FILE = YES;
				MARKETING_VERSION = 1.0;
				PRODUCT_BUNDLE_IDENTIFIER = "eduardoliveira.Projeto-IFoodUITests";
				PRODUCT_NAME = "$(TARGET_NAME)";
				SWIFT_EMIT_LOC_STRINGS = NO;
				SWIFT_VERSION = 5.0;
				TARGETED_DEVICE_FAMILY = "1,2";
				TEST_TARGET_NAME = Projeto_IFood;
			};
			name = Release;
		};
/* End XCBuildConfiguration section */

/* Begin XCConfigurationList section */
		2EFFF5AA27F8E4050099E11D /* Build configuration list for PBXProject "Projeto_IFood" */ = {
			isa = XCConfigurationList;
			buildConfigurations = (
				2EFFF5D727F8E4070099E11D /* Debug */,
				2EFFF5D827F8E4070099E11D /* Release */,
			);
			defaultConfigurationIsVisible = 0;
			defaultConfigurationName = Release;
		};
		2EFFF5D927F8E4070099E11D /* Build configuration list for PBXNativeTarget "Projeto_IFood" */ = {
			isa = XCConfigurationList;
			buildConfigurations = (
				2EFFF5DA27F8E4070099E11D /* Debug */,
				2EFFF5DB27F8E4070099E11D /* Release */,
			);
			defaultConfigurationIsVisible = 0;
			defaultConfigurationName = Release;
		};
		2EFFF5DC27F8E4070099E11D /* Build configuration list for PBXNativeTarget "Projeto_IFoodTests" */ = {
			isa = XCConfigurationList;
			buildConfigurations = (
				2EFFF5DD27F8E4070099E11D /* Debug */,
				2EFFF5DE27F8E4070099E11D /* Release */,
			);
			defaultConfigurationIsVisible = 0;
			defaultConfigurationName = Release;
		};
		2EFFF5DF27F8E4070099E11D /* Build configuration list for PBXNativeTarget "Projeto_IFoodUITests" */ = {
			isa = XCConfigurationList;
			buildConfigurations = (
				2EFFF5E027F8E4070099E11D /* Debug */,
				2EFFF5E127F8E4070099E11D /* Release */,
			);
			defaultConfigurationIsVisible = 0;
			defaultConfigurationName = Release;
		};
/* End XCConfigurationList section */
	};
	rootObject = 2EFFF5A727F8E4050099E11D /* Project object */;
}
